{
  "name": "solr-node-app",
  "version": "1.0.0",
  "lockfileVersion": 1,
  "requires": true,
  "dependencies": {
    "@log4js-node/log4js-api": {
      "version": "1.0.2",
      "resolved": "https://registry.npmjs.org/@log4js-node/log4js-api/-/log4js-api-1.0.2.tgz",
      "integrity": "sha512-6SJfx949YEWooh/CUPpJ+F491y4BYJmknz4hUN1+RHvKoUEynKbRmhnwbk/VLmh4OthLLDNCyWXfbh4DG1cTXA=="
    },
    "node-fetch": {
      "version": "2.6.1",
      "resolved": "https://registry.npmjs.org/node-fetch/-/node-fetch-2.6.1.tgz",
      "integrity": "sha512-V4aYg89jEoVRxRb2fJdAg8FHvI7cEyYdVAh94HH0UIK8oJxUfkjlDQN9RbMx+bEjP7+ggMiFRprSti032Oipxw=="
    },
    "solr-node": {
      "version": "1.2.1",
      "resolved": "https://registry.npmjs.org/solr-node/-/solr-node-1.2.1.tgz",
      "integrity": "sha512-DN3+FSBgpJEgGTNddzS8tNb+ILSn5MLcsWf15G9rGxi/sROHbpcevdRSVx6s5/nz56c/5AnBTBZWak7IXWX97A==",
      "requires": {
        "@log4js-node/log4js-api": "^1.0.2",
        "node-fetch": "^2.3.0",
        "underscore": "^1.8.3"
      }
    },
    "underscore": {
      "version": "1.11.0",
      "resolved": "https://registry.npmjs.org/underscore/-/underscore-1.11.0.tgz",
      "integrity": "sha512-xY96SsN3NA461qIRKZ/+qox37YXPtSBswMGfiNptr+wrt6ds4HaMw23TP612fEyGekRE6LNRiLYr/aqbHXNedw=="
    }
  }
}
